
Microsoft Visual Studio Solution File, Format Version 12.00
# Visual Studio Version 17
VisualStudioVersion = 17.13.35818.85 d17.13
MinimumVisualStudioVersion = 10.0.40219.1
Project("{FAE04EC0-301F-11D3-BF4B-00C04F79EFBC}") = "02_GiftShop", "02_GiftShop\02_GiftShop.csproj", "{EA37C6DA-4AF7-48CE-995B-16BC14E5CD53}"
EndProject
Global
	GlobalSection(SolutionConfigurationPlatforms) = preSolution
		Debug|Any CPU = Debug|Any CPU
		Release|Any CPU = Release|Any CPU
	EndGlobalSection
	GlobalSection(ProjectConfigurationPlatforms) = postSolution
		{EA37C6DA-4AF7-48CE-995B-16BC14E5CD53}.Debug|Any CPU.ActiveCfg = Debug|Any CPU
		{EA37C6DA-4AF7-48CE-995B-16BC14E5CD53}.Debug|Any CPU.Build.0 = Debug|Any CPU
		{EA37C6DA-4AF7-48CE-995B-16BC14E5CD53}.Release|Any CPU.ActiveCfg = Release|Any CPU
		{EA37C6DA-4AF7-48CE-995B-16BC14E5CD53}.Release|Any CPU.Build.0 = Release|Any CPU
	EndGlobalSection
	GlobalSection(SolutionProperties) = preSolution
		HideSolutionNode = FALSE
	EndGlobalSection
	GlobalSection(ExtensibilityGlobals) = postSolution
		SolutionGuid = {2B425D1A-839C-46C1-9608-BA4532F247DC}
	EndGlobalSection
EndGlobal
